
Microsoft Visual Studio Solution File, Format Version 12.00
# Visual Studio Version 17
VisualStudioVersion = 17.2.32519.379
MinimumVisualStudioVersion = 10.0.40219.1
Project("{FAE04EC0-301F-11D3-BF4B-00C04F79EFBC}") = "pryValdezSP1", "pryValdezSP1.csproj", "{955572A6-AF87-44C5-9005-B76E1EC304C4}"
EndProject
Global
	GlobalSection(SolutionConfigurationPlatforms) = preSolution
		Debug|Any CPU = Debug|Any CPU
		Release|Any CPU = Release|Any CPU
	EndGlobalSection
	GlobalSection(ProjectConfigurationPlatforms) = postSolution
		{955572A6-AF87-44C5-9005-B76E1EC304C4}.Debug|Any CPU.ActiveCfg = Debug|Any CPU
		{955572A6-AF87-44C5-9005-B76E1EC304C4}.Debug|Any CPU.Build.0 = Debug|Any CPU
		{955572A6-AF87-44C5-9005-B76E1EC304C4}.Release|Any CPU.ActiveCfg = Release|Any CPU
		{955572A6-AF87-44C5-9005-B76E1EC304C4}.Release|Any CPU.Build.0 = Release|Any CPU
	EndGlobalSection
	GlobalSection(SolutionProperties) = preSolution
		HideSolutionNode = FALSE
	EndGlobalSection
	GlobalSection(ExtensibilityGlobals) = postSolution
		SolutionGuid = {0F5EADDA-5045-4B38-B58D-B362053586B5}
	EndGlobalSection
EndGlobal
